
Microsoft Visual Studio Solution File, Format Version 12.00
# Visual Studio Version 17
VisualStudioVersion = 17.2.32630.192
MinimumVisualStudioVersion = 10.0.40219.1
Project("{8BC9CEB8-8B4A-11D0-8D11-00A0C91BC942}") = "STL初识", "STL初识\STL初识.vcxproj", "{42B196CA-3939-48DF-B385-D5678888EE19}"
EndProject
Global
	GlobalSection(SolutionConfigurationPlatforms) = preSolution
		Debug|x64 = Debug|x64
		Debug|x86 = Debug|x86
		Release|x64 = Release|x64
		Release|x86 = Release|x86
	EndGlobalSection
	GlobalSection(ProjectConfigurationPlatforms) = postSolution
		{42B196CA-3939-48DF-B385-D5678888EE19}.Debug|x64.ActiveCfg = Debug|x64
		{42B196CA-3939-48DF-B385-D5678888EE19}.Debug|x64.Build.0 = Debug|x64
		{42B196CA-3939-48DF-B385-D5678888EE19}.Debug|x86.ActiveCfg = Debug|Win32
		{42B196CA-3939-48DF-B385-D5678888EE19}.Debug|x86.Build.0 = Debug|Win32
		{42B196CA-3939-48DF-B385-D5678888EE19}.Release|x64.ActiveCfg = Release|x64
		{42B196CA-3939-48DF-B385-D5678888EE19}.Release|x64.Build.0 = Release|x64
		{42B196CA-3939-48DF-B385-D5678888EE19}.Release|x86.ActiveCfg = Release|Win32
		{42B196CA-3939-48DF-B385-D5678888EE19}.Release|x86.Build.0 = Release|Win32
	EndGlobalSection
	GlobalSection(SolutionProperties) = preSolution
		HideSolutionNode = FALSE
	EndGlobalSection
	GlobalSection(ExtensibilityGlobals) = postSolution
		SolutionGuid = {3B652C13-044F-4ADF-A1CC-140D61783B11}
	EndGlobalSection
EndGlobal
