
Microsoft Visual Studio Solution File, Format Version 12.00
# Visual Studio Version 17
VisualStudioVersion = 17.2.32630.192
MinimumVisualStudioVersion = 10.0.40219.1
Project("{8BC9CEB8-8B4A-11D0-8D11-00A0C91BC942}") = "文件", "文件\文件.vcxproj", "{7FDAFC98-C46D-4040-8E00-3600B1A48EBB}"
EndProject
Global
	GlobalSection(SolutionConfigurationPlatforms) = preSolution
		Debug|x64 = Debug|x64
		Debug|x86 = Debug|x86
		Release|x64 = Release|x64
		Release|x86 = Release|x86
	EndGlobalSection
	GlobalSection(ProjectConfigurationPlatforms) = postSolution
		{7FDAFC98-C46D-4040-8E00-3600B1A48EBB}.Debug|x64.ActiveCfg = Debug|x64
		{7FDAFC98-C46D-4040-8E00-3600B1A48EBB}.Debug|x64.Build.0 = Debug|x64
		{7FDAFC98-C46D-4040-8E00-3600B1A48EBB}.Debug|x86.ActiveCfg = Debug|Win32
		{7FDAFC98-C46D-4040-8E00-3600B1A48EBB}.Debug|x86.Build.0 = Debug|Win32
		{7FDAFC98-C46D-4040-8E00-3600B1A48EBB}.Release|x64.ActiveCfg = Release|x64
		{7FDAFC98-C46D-4040-8E00-3600B1A48EBB}.Release|x64.Build.0 = Release|x64
		{7FDAFC98-C46D-4040-8E00-3600B1A48EBB}.Release|x86.ActiveCfg = Release|Win32
		{7FDAFC98-C46D-4040-8E00-3600B1A48EBB}.Release|x86.Build.0 = Release|Win32
	EndGlobalSection
	GlobalSection(SolutionProperties) = preSolution
		HideSolutionNode = FALSE
	EndGlobalSection
	GlobalSection(ExtensibilityGlobals) = postSolution
		SolutionGuid = {6F2A82A3-175E-43C7-8E16-AA4388818AF9}
	EndGlobalSection
EndGlobal
